
Microsoft Visual Studio Solution File, Format Version 12.00
# Visual Studio Version 17
VisualStudioVersion = 17.9.34728.123
MinimumVisualStudioVersion = 10.0.40219.1
Project("{FAE04EC0-301F-11D3-BF4B-00C04F79EFBC}") = "PantryInventoryAPI", "PantryInventoryAPI.csproj", "{747C803E-8814-4824-B760-35AF7586B895}"
EndProject
Global
	GlobalSection(SolutionConfigurationPlatforms) = preSolution
		Debug|Any CPU = Debug|Any CPU
		Release|Any CPU = Release|Any CPU
	EndGlobalSection
	GlobalSection(ProjectConfigurationPlatforms) = postSolution
		{747C803E-8814-4824-B760-35AF7586B895}.Debug|Any CPU.ActiveCfg = Debug|Any CPU
		{747C803E-8814-4824-B760-35AF7586B895}.Debug|Any CPU.Build.0 = Debug|Any CPU
		{747C803E-8814-4824-B760-35AF7586B895}.Release|Any CPU.ActiveCfg = Release|Any CPU
		{747C803E-8814-4824-B760-35AF7586B895}.Release|Any CPU.Build.0 = Release|Any CPU
	EndGlobalSection
	GlobalSection(SolutionProperties) = preSolution
		HideSolutionNode = FALSE
	EndGlobalSection
	GlobalSection(ExtensibilityGlobals) = postSolution
		SolutionGuid = {BE181300-7E7C-475E-B56E-831BB37FEFCD}
	EndGlobalSection
EndGlobal
